
Microsoft Visual Studio Solution File, Format Version 12.00
# Visual Studio Version 17
VisualStudioVersion = 17.0.31903.59
MinimumVisualStudioVersion = 10.0.40219.1
Project("{FAE04EC0-301F-11D3-BF4B-00C04F79EFBC}") = "Project1.Api", "Project1.Api\Project1.Api.csproj", "{AB5EA78B-FABF-4C7F-859C-B4E580D7062E}"
EndProject
Project("{FAE04EC0-301F-11D3-BF4B-00C04F79EFBC}") = "Project1.Api.Tests", "Project1.Api.Tests\Project1.Api.Tests.csproj", "{FCEFCBC7-A679-412B-B38B-B684D74CE9FB}"
EndProject
Global
	GlobalSection(SolutionConfigurationPlatforms) = preSolution
		Debug|Any CPU = Debug|Any CPU
		Release|Any CPU = Release|Any CPU
	EndGlobalSection
	GlobalSection(SolutionProperties) = preSolution
		HideSolutionNode = FALSE
	EndGlobalSection
	GlobalSection(ProjectConfigurationPlatforms) = postSolution
		{AB5EA78B-FABF-4C7F-859C-B4E580D7062E}.Debug|Any CPU.ActiveCfg = Debug|Any CPU
		{AB5EA78B-FABF-4C7F-859C-B4E580D7062E}.Debug|Any CPU.Build.0 = Debug|Any CPU
		{AB5EA78B-FABF-4C7F-859C-B4E580D7062E}.Release|Any CPU.ActiveCfg = Release|Any CPU
		{AB5EA78B-FABF-4C7F-859C-B4E580D7062E}.Release|Any CPU.Build.0 = Release|Any CPU
		{FCEFCBC7-A679-412B-B38B-B684D74CE9FB}.Debug|Any CPU.ActiveCfg = Debug|Any CPU
		{FCEFCBC7-A679-412B-B38B-B684D74CE9FB}.Debug|Any CPU.Build.0 = Debug|Any CPU
		{FCEFCBC7-A679-412B-B38B-B684D74CE9FB}.Release|Any CPU.ActiveCfg = Release|Any CPU
		{FCEFCBC7-A679-412B-B38B-B684D74CE9FB}.Release|Any CPU.Build.0 = Release|Any CPU
	EndGlobalSection
EndGlobal
